
Microsoft Visual Studio Solution File, Format Version 12.00
# Visual Studio Version 17
VisualStudioVersion = 17.14.36429.23 d17.14
MinimumVisualStudioVersion = 10.0.40219.1
Project("{FAE04EC0-301F-11D3-BF4B-00C04F79EFBC}") = "restaurant_pc_portable_graphique_true", "restaurant_pc_portable_graphique_true\restaurant_pc_portable_graphique_true.csproj", "{A1FF495F-E06A-4F08-B21B-BA784BB73AC8}"
EndProject
Global
	GlobalSection(SolutionConfigurationPlatforms) = preSolution
		Debug|Any CPU = Debug|Any CPU
		Release|Any CPU = Release|Any CPU
	EndGlobalSection
	GlobalSection(ProjectConfigurationPlatforms) = postSolution
		{A1FF495F-E06A-4F08-B21B-BA784BB73AC8}.Debug|Any CPU.ActiveCfg = Debug|Any CPU
		{A1FF495F-E06A-4F08-B21B-BA784BB73AC8}.Debug|Any CPU.Build.0 = Debug|Any CPU
		{A1FF495F-E06A-4F08-B21B-BA784BB73AC8}.Release|Any CPU.ActiveCfg = Release|Any CPU
		{A1FF495F-E06A-4F08-B21B-BA784BB73AC8}.Release|Any CPU.Build.0 = Release|Any CPU
	EndGlobalSection
	GlobalSection(SolutionProperties) = preSolution
		HideSolutionNode = FALSE
	EndGlobalSection
	GlobalSection(ExtensibilityGlobals) = postSolution
		SolutionGuid = {BF70FD8A-9FBF-42DC-9622-2DC9457C221C}
	EndGlobalSection
EndGlobal
